
Microsoft Visual Studio Solution File, Format Version 11.00
# Visual Studio 2010
Project("{FAE04EC0-301F-11D3-BF4B-00C04F79EFBC}") = "yypf", "yypf\yypf.csproj", "{6FBEB75A-E627-4949-AA17-22407178612B}"
EndProject
Global
	GlobalSection(SolutionConfigurationPlatforms) = preSolution
		Debug|x86 = Debug|x86
		Release|x86 = Release|x86
	EndGlobalSection
	GlobalSection(ProjectConfigurationPlatforms) = postSolution
		{6FBEB75A-E627-4949-AA17-22407178612B}.Debug|x86.ActiveCfg = Debug|x86
		{6FBEB75A-E627-4949-AA17-22407178612B}.Debug|x86.Build.0 = Debug|x86
		{6FBEB75A-E627-4949-AA17-22407178612B}.Release|x86.ActiveCfg = Release|x86
		{6FBEB75A-E627-4949-AA17-22407178612B}.Release|x86.Build.0 = Release|x86
	EndGlobalSection
	GlobalSection(SolutionProperties) = preSolution
		HideSolutionNode = FALSE
	EndGlobalSection
EndGlobal
